
Microsoft Visual Studio Solution File, Format Version 12.00
# Visual Studio Version 17
VisualStudioVersion = 17.6.33801.468
MinimumVisualStudioVersion = 10.0.40219.1
Project("{FAE04EC0-301F-11D3-BF4B-00C04F79EFBC}") = "9Practical", "9Practical\9Practical.csproj", "{41A7E1FF-E468-448D-A245-9A42895E33A5}"
EndProject
Global
	GlobalSection(SolutionConfigurationPlatforms) = preSolution
		Debug|Any CPU = Debug|Any CPU
		Release|Any CPU = Release|Any CPU
	EndGlobalSection
	GlobalSection(ProjectConfigurationPlatforms) = postSolution
		{41A7E1FF-E468-448D-A245-9A42895E33A5}.Debug|Any CPU.ActiveCfg = Debug|Any CPU
		{41A7E1FF-E468-448D-A245-9A42895E33A5}.Debug|Any CPU.Build.0 = Debug|Any CPU
		{41A7E1FF-E468-448D-A245-9A42895E33A5}.Release|Any CPU.ActiveCfg = Release|Any CPU
		{41A7E1FF-E468-448D-A245-9A42895E33A5}.Release|Any CPU.Build.0 = Release|Any CPU
	EndGlobalSection
	GlobalSection(SolutionProperties) = preSolution
		HideSolutionNode = FALSE
	EndGlobalSection
	GlobalSection(ExtensibilityGlobals) = postSolution
		SolutionGuid = {5AA3E9BE-E84F-454C-9EC9-0C083A51FB42}
	EndGlobalSection
EndGlobal
